
Microsoft Visual Studio Solution File, Format Version 12.00
# Visual Studio Version 16
VisualStudioVersion = 16.0.30907.101
MinimumVisualStudioVersion = 10.0.40219.1
Project("{FAE04EC0-301F-11D3-BF4B-00C04F79EFBC}") = "JoyDream", "JoyDream\JoyDream.csproj", "{4F3A9FB2-648F-4CB7-9886-2CE634C43A3C}"
EndProject
Global
	GlobalSection(SolutionConfigurationPlatforms) = preSolution
		Debug|Any CPU = Debug|Any CPU
		Release|Any CPU = Release|Any CPU
	EndGlobalSection
	GlobalSection(ProjectConfigurationPlatforms) = postSolution
		{4F3A9FB2-648F-4CB7-9886-2CE634C43A3C}.Debug|Any CPU.ActiveCfg = Debug|Any CPU
		{4F3A9FB2-648F-4CB7-9886-2CE634C43A3C}.Debug|Any CPU.Build.0 = Debug|Any CPU
		{4F3A9FB2-648F-4CB7-9886-2CE634C43A3C}.Release|Any CPU.ActiveCfg = Release|Any CPU
		{4F3A9FB2-648F-4CB7-9886-2CE634C43A3C}.Release|Any CPU.Build.0 = Release|Any CPU
	EndGlobalSection
	GlobalSection(SolutionProperties) = preSolution
		HideSolutionNode = FALSE
	EndGlobalSection
	GlobalSection(ExtensibilityGlobals) = postSolution
		SolutionGuid = {5E06AC19-C3B0-4A41-BBBF-42123FD368B3}
	EndGlobalSection
EndGlobal
