
Microsoft Visual Studio Solution File, Format Version 12.00
# Visual Studio Version 16
VisualStudioVersion = 16.0.30523.141
MinimumVisualStudioVersion = 10.0.40219.1
Project("{FAE04EC0-301F-11D3-BF4B-00C04F79EFBC}") = "SerialCommunication", "SerialCommunication\SerialCommunication.csproj", "{B2D0E44A-4F0F-4D8A-8F00-8F9E9E8902B1}"
EndProject
Global
	GlobalSection(SolutionConfigurationPlatforms) = preSolution
		Debug|Any CPU = Debug|Any CPU
		Release|Any CPU = Release|Any CPU
	EndGlobalSection
	GlobalSection(ProjectConfigurationPlatforms) = postSolution
		{B2D0E44A-4F0F-4D8A-8F00-8F9E9E8902B1}.Debug|Any CPU.ActiveCfg = Debug|Any CPU
		{B2D0E44A-4F0F-4D8A-8F00-8F9E9E8902B1}.Debug|Any CPU.Build.0 = Debug|Any CPU
		{B2D0E44A-4F0F-4D8A-8F00-8F9E9E8902B1}.Release|Any CPU.ActiveCfg = Release|Any CPU
		{B2D0E44A-4F0F-4D8A-8F00-8F9E9E8902B1}.Release|Any CPU.Build.0 = Release|Any CPU
	EndGlobalSection
	GlobalSection(SolutionProperties) = preSolution
		HideSolutionNode = FALSE
	EndGlobalSection
	GlobalSection(ExtensibilityGlobals) = postSolution
		SolutionGuid = {67F6367D-1C20-469F-A7ED-4606CC0D63F9}
	EndGlobalSection
EndGlobal
