
Microsoft Visual Studio Solution File, Format Version 12.00
# Visual Studio Version 16
VisualStudioVersion = 16.0.30907.101
MinimumVisualStudioVersion = 10.0.40219.1
Project("{FAE04EC0-301F-11D3-BF4B-00C04F79EFBC}") = "ReceiveData", "ReceiveData\ReceiveData.csproj", "{B3E92504-1D0D-47A5-A965-4F927D1C48E4}"
EndProject
Global
	GlobalSection(SolutionConfigurationPlatforms) = preSolution
		Debug|Any CPU = Debug|Any CPU
		Release|Any CPU = Release|Any CPU
	EndGlobalSection
	GlobalSection(ProjectConfigurationPlatforms) = postSolution
		{B3E92504-1D0D-47A5-A965-4F927D1C48E4}.Debug|Any CPU.ActiveCfg = Debug|Any CPU
		{B3E92504-1D0D-47A5-A965-4F927D1C48E4}.Debug|Any CPU.Build.0 = Debug|Any CPU
		{B3E92504-1D0D-47A5-A965-4F927D1C48E4}.Release|Any CPU.ActiveCfg = Release|Any CPU
		{B3E92504-1D0D-47A5-A965-4F927D1C48E4}.Release|Any CPU.Build.0 = Release|Any CPU
	EndGlobalSection
	GlobalSection(SolutionProperties) = preSolution
		HideSolutionNode = FALSE
	EndGlobalSection
	GlobalSection(ExtensibilityGlobals) = postSolution
		SolutionGuid = {7A0665A8-830A-4942-A938-2FB1F29A602A}
	EndGlobalSection
EndGlobal
