
Microsoft Visual Studio Solution File, Format Version 12.00
# Visual Studio Version 16
VisualStudioVersion = 16.0.30907.101
MinimumVisualStudioVersion = 10.0.40219.1
Project("{FAE04EC0-301F-11D3-BF4B-00C04F79EFBC}") = "JoyWar", "JoyWar\JoyWar.csproj", "{261A3055-6DF8-4571-BA81-B3689FE297DB}"
EndProject
Global
	GlobalSection(SolutionConfigurationPlatforms) = preSolution
		Debug|Any CPU = Debug|Any CPU
		Release|Any CPU = Release|Any CPU
	EndGlobalSection
	GlobalSection(ProjectConfigurationPlatforms) = postSolution
		{261A3055-6DF8-4571-BA81-B3689FE297DB}.Debug|Any CPU.ActiveCfg = Debug|Any CPU
		{261A3055-6DF8-4571-BA81-B3689FE297DB}.Debug|Any CPU.Build.0 = Debug|Any CPU
		{261A3055-6DF8-4571-BA81-B3689FE297DB}.Release|Any CPU.ActiveCfg = Release|Any CPU
		{261A3055-6DF8-4571-BA81-B3689FE297DB}.Release|Any CPU.Build.0 = Release|Any CPU
	EndGlobalSection
	GlobalSection(SolutionProperties) = preSolution
		HideSolutionNode = FALSE
	EndGlobalSection
	GlobalSection(ExtensibilityGlobals) = postSolution
		SolutionGuid = {5B274B2A-3309-4847-B917-3DEA1ABF1497}
	EndGlobalSection
EndGlobal
